// !$*UTF8*$!
{
	archiveVersion = 1;
	classes = {
	};
	objectVersion = 46;
	objects = {

/* Begin PBXBuildFile section */
		02E7A326F5C95FDC6DBDB5D1 /* Pods_tMDb.framework in Frameworks */ = {isa = PBXBuildFile; fileRef = 2D90A3733198415681F54305 /* Pods_tMDb.framework */; };
		1E9DC846B382A6275C6EF075 /* Pods_tMDbUITests.framework in Frameworks */ = {isa = PBXBuildFile; fileRef = 19D077B372B4DBBD5951CAF5 /* Pods_tMDbUITests.framework */; };
		3A9144E51E7160F8005B1B6E /* MovieViewCell.swift in Sources */ = {isa = PBXBuildFile; fileRef = 3A9144E31E7160F8005B1B6E /* MovieViewCell.swift */; };
		3A9144E61E7160F8005B1B6E /* MovieViewCell.xib in Resources */ = {isa = PBXBuildFile; fileRef = 3A9144E41E7160F8005B1B6E /* MovieViewCell.xib */; };
		7A743CDE2B5DDCF14ACCD7B6 /* Pods_tMDbTests.framework in Frameworks */ = {isa = PBXBuildFile; fileRef = DC229DD7A771B348B286F5B0 /* Pods_tMDbTests.framework */; };
		A9C567D71E714BD70025739F /* AppDelegate.swift in Sources */ = {isa = PBXBuildFile; fileRef = A9C567D61E714BD70025739F /* AppDelegate.swift */; };
		A9C567DC1E714BD70025739F /* Main.storyboard in Resources */ = {isa = PBXBuildFile; fileRef = A9C567DA1E714BD70025739F /* Main.storyboard */; };
		A9C567E11E714BD70025739F /* Assets.xcassets in Resources */ = {isa = PBXBuildFile; fileRef = A9C567E01E714BD70025739F /* Assets.xcassets */; };
		A9C567E41E714BD70025739F /* LaunchScreen.storyboard in Resources */ = {isa = PBXBuildFile; fileRef = A9C567E21E714BD70025739F /* LaunchScreen.storyboard */; };
		A9C567EF1E714BD80025739F /* tMDbTests.swift in Sources */ = {isa = PBXBuildFile; fileRef = A9C567EE1E714BD80025739F /* tMDbTests.swift */; };
		A9C567FA1E714BD80025739F /* tMDbUITests.swift in Sources */ = {isa = PBXBuildFile; fileRef = A9C567F91E714BD80025739F /* tMDbUITests.swift */; };
		A9C568081E714FC20025739F /* DiscoverViewController.swift in Sources */ = {isa = PBXBuildFile; fileRef = A9C568071E714FC20025739F /* DiscoverViewController.swift */; };
		A9C5680D1E71511C0025739F /* tMDb.swift in Sources */ = {isa = PBXBuildFile; fileRef = A9C5680C1E71511C0025739F /* tMDb.swift */; };
		A9C5680F1E715BB40025739F /* Movie.swift in Sources */ = {isa = PBXBuildFile; fileRef = A9C5680E1E715BB40025739F /* Movie.swift */; };
		A9C568111E715BF00025739F /* DiscoverResponse.swift in Sources */ = {isa = PBXBuildFile; fileRef = A9C568101E715BF00025739F /* DiscoverResponse.swift */; };
		A9F082D61E7234320024D931 /* MovieDetailViewController.swift in Sources */ = {isa = PBXBuildFile; fileRef = A9F082D51E7234320024D931 /* MovieDetailViewController.swift */; };
		A9F082D81E7238C80024D931 /* Genre.swift in Sources */ = {isa = PBXBuildFile; fileRef = A9F082D71E7238C80024D931 /* Genre.swift */; };
		A9F082DA1E7239070024D931 /* Country.swift in Sources */ = {isa = PBXBuildFile; fileRef = A9F082D91E7239070024D931 /* Country.swift */; };
		A9F082DC1E72393E0024D931 /* Company.swift in Sources */ = {isa = PBXBuildFile; fileRef = A9F082DB1E72393E0024D931 /* Company.swift */; };
		A9F082DE1E7239820024D931 /* Language.swift in Sources */ = {isa = PBXBuildFile; fileRef = A9F082DD1E7239820024D931 /* Language.swift */; };
		A9F082E31E7249F00024D931 /* DiscoverMovie.json in Resources */ = {isa = PBXBuildFile; fileRef = A9F082E11E7249F00024D931 /* DiscoverMovie.json */; };
		A9F082E41E7249F00024D931 /* DiscoverMovie.json in Resources */ = {isa = PBXBuildFile; fileRef = A9F082E11E7249F00024D931 /* DiscoverMovie.json */; };
		A9F082E51E7249F00024D931 /* DiscoverMovie.json in Resources */ = {isa = PBXBuildFile; fileRef = A9F082E11E7249F00024D931 /* DiscoverMovie.json */; };
		A9F082E61E7249F00024D931 /* MovieDetail.json in Resources */ = {isa = PBXBuildFile; fileRef = A9F082E21E7249F00024D931 /* MovieDetail.json */; };
		A9F082E71E7249F00024D931 /* MovieDetail.json in Resources */ = {isa = PBXBuildFile; fileRef = A9F082E21E7249F00024D931 /* MovieDetail.json */; };
		A9F082E81E7249F00024D931 /* MovieDetail.json in Resources */ = {isa = PBXBuildFile; fileRef = A9F082E21E7249F00024D931 /* MovieDetail.json */; };
/* End PBXBuildFile section */

/* Begin PBXContainerItemProxy section */
		A9C567EB1E714BD80025739F /* PBXContainerItemProxy */ = {
			isa = PBXContainerItemProxy;
			containerPortal = A9C567CB1E714BD70025739F /* Project object */;
			proxyType = 1;
			remoteGlobalIDString = A9C567D21E714BD70025739F;
			remoteInfo = tMDb;
		};
		A9C567F61E714BD80025739F /* PBXContainerItemProxy */ = {
			isa = PBXContainerItemProxy;
			containerPortal = A9C567CB1E714BD70025739F /* Project object */;
			proxyType = 1;
			remoteGlobalIDString = A9C567D21E714BD70025739F;
			remoteInfo = tMDb;
		};
/* End PBXContainerItemProxy section */

/* Begin PBXFileReference section */
		19D077B372B4DBBD5951CAF5 /* Pods_tMDbUITests.framework */ = {isa = PBXFileReference; explicitFileType = wrapper.framework; includeInIndex = 0; path = Pods_tMDbUITests.framework; sourceTree = BUILT_PRODUCTS_DIR; };
		1CA32411A60226DF5A6C9D73 /* Pods-tMDbUITests.release.xcconfig */ = {isa = PBXFileReference; includeInIndex = 1; lastKnownFileType = text.xcconfig; name = "Pods-tMDbUITests.release.xcconfig"; path = "Pods/Target Support Files/Pods-tMDbUITests/Pods-tMDbUITests.release.xcconfig"; sourceTree = "<group>"; };
		2D90A3733198415681F54305 /* Pods_tMDb.framework */ = {isa = PBXFileReference; explicitFileType = wrapper.framework; includeInIndex = 0; path = Pods_tMDb.framework; sourceTree = BUILT_PRODUCTS_DIR; };
		3A9144E31E7160F8005B1B6E /* MovieViewCell.swift */ = {isa = PBXFileReference; fileEncoding = 4; lastKnownFileType = sourcecode.swift; path = MovieViewCell.swift; sourceTree = "<group>"; };
		3A9144E41E7160F8005B1B6E /* MovieViewCell.xib */ = {isa = PBXFileReference; fileEncoding = 4; lastKnownFileType = file.xib; path = MovieViewCell.xib; sourceTree = "<group>"; };
		7BC5EFFE1B72380BA2179A11 /* Pods-tMDbUITests.debug.xcconfig */ = {isa = PBXFileReference; includeInIndex = 1; lastKnownFileType = text.xcconfig; name = "Pods-tMDbUITests.debug.xcconfig"; path = "Pods/Target Support Files/Pods-tMDbUITests/Pods-tMDbUITests.debug.xcconfig"; sourceTree = "<group>"; };
		A9C567D31E714BD70025739F /* tMDb.app */ = {isa = PBXFileReference; explicitFileType = wrapper.application; includeInIndex = 0; path = tMDb.app; sourceTree = BUILT_PRODUCTS_DIR; };
		A9C567D61E714BD70025739F /* AppDelegate.swift */ = {isa = PBXFileReference; lastKnownFileType = sourcecode.swift; path = AppDelegate.swift; sourceTree = "<group>"; };
		A9C567DB1E714BD70025739F /* Base */ = {isa = PBXFileReference; lastKnownFileType = file.storyboard; name = Base; path = Base.lproj/Main.storyboard; sourceTree = "<group>"; };
		A9C567E01E714BD70025739F /* Assets.xcassets */ = {isa = PBXFileReference; lastKnownFileType = folder.assetcatalog; path = Assets.xcassets; sourceTree = "<group>"; };
		A9C567E31E714BD70025739F /* Base */ = {isa = PBXFileReference; lastKnownFileType = file.storyboard; name = Base; path = Base.lproj/LaunchScreen.storyboard; sourceTree = "<group>"; };
		A9C567E51E714BD70025739F /* Info.plist */ = {isa = PBXFileReference; lastKnownFileType = text.plist.xml; path = Info.plist; sourceTree = "<group>"; };
		A9C567EA1E714BD80025739F /* tMDbTests.xctest */ = {isa = PBXFileReference; explicitFileType = wrapper.cfbundle; includeInIndex = 0; path = tMDbTests.xctest; sourceTree = BUILT_PRODUCTS_DIR; };
		A9C567EE1E714BD80025739F /* tMDbTests.swift */ = {isa = PBXFileReference; lastKnownFileType = sourcecode.swift; path = tMDbTests.swift; sourceTree = "<group>"; };
		A9C567F01E714BD80025739F /* Info.plist */ = {isa = PBXFileReference; lastKnownFileType = text.plist.xml; path = Info.plist; sourceTree = "<group>"; };
		A9C567F51E714BD80025739F /* tMDbUITests.xctest */ = {isa = PBXFileReference; explicitFileType = wrapper.cfbundle; includeInIndex = 0; path = tMDbUITests.xctest; sourceTree = BUILT_PRODUCTS_DIR; };
		A9C567F91E714BD80025739F /* tMDbUITests.swift */ = {isa = PBXFileReference; lastKnownFileType = sourcecode.swift; path = tMDbUITests.swift; sourceTree = "<group>"; };
		A9C567FB1E714BD80025739F /* Info.plist */ = {isa = PBXFileReference; lastKnownFileType = text.plist.xml; path = Info.plist; sourceTree = "<group>"; };
		A9C568071E714FC20025739F /* DiscoverViewController.swift */ = {isa = PBXFileReference; fileEncoding = 4; lastKnownFileType = sourcecode.swift; path = DiscoverViewController.swift; sourceTree = "<group>"; };
		A9C5680C1E71511C0025739F /* tMDb.swift */ = {isa = PBXFileReference; fileEncoding = 4; lastKnownFileType = sourcecode.swift; path = tMDb.swift; sourceTree = "<group>"; };
		A9C5680E1E715BB40025739F /* Movie.swift */ = {isa = PBXFileReference; fileEncoding = 4; lastKnownFileType = sourcecode.swift; path = Movie.swift; sourceTree = "<group>"; };
		A9C568101E715BF00025739F /* DiscoverResponse.swift */ = {isa = PBXFileReference; fileEncoding = 4; lastKnownFileType = sourcecode.swift; path = DiscoverResponse.swift; sourceTree = "<group>"; };
		A9F082D51E7234320024D931 /* MovieDetailViewController.swift */ = {isa = PBXFileReference; fileEncoding = 4; lastKnownFileType = sourcecode.swift; path = MovieDetailViewController.swift; sourceTree = "<group>"; };
		A9F082D71E7238C80024D931 /* Genre.swift */ = {isa = PBXFileReference; fileEncoding = 4; lastKnownFileType = sourcecode.swift; path = Genre.swift; sourceTree = "<group>"; };
		A9F082D91E7239070024D931 /* Country.swift */ = {isa = PBXFileReference; fileEncoding = 4; lastKnownFileType = sourcecode.swift; path = Country.swift; sourceTree = "<group>"; };
		A9F082DB1E72393E0024D931 /* Company.swift */ = {isa = PBXFileReference; fileEncoding = 4; lastKnownFileType = sourcecode.swift; path = Company.swift; sourceTree = "<group>"; };
		A9F082DD1E7239820024D931 /* Language.swift */ = {isa = PBXFileReference; fileEncoding = 4; lastKnownFileType = sourcecode.swift; path = Language.swift; sourceTree = "<group>"; };
		A9F082E11E7249F00024D931 /* DiscoverMovie.json */ = {isa = PBXFileReference; fileEncoding = 4; lastKnownFileType = text.json; path = DiscoverMovie.json; sourceTree = "<group>"; };
		A9F082E21E7249F00024D931 /* MovieDetail.json */ = {isa = PBXFileReference; fileEncoding = 4; lastKnownFileType = text.json; path = MovieDetail.json; sourceTree = "<group>"; };
		C8520DBD5D3D896C6430E59F /* Pods-tMDbTests.debug.xcconfig */ = {isa = PBXFileReference; includeInIndex = 1; lastKnownFileType = text.xcconfig; name = "Pods-tMDbTests.debug.xcconfig"; path = "Pods/Target Support Files/Pods-tMDbTests/Pods-tMDbTests.debug.xcconfig"; sourceTree = "<group>"; };
		CAC4D409076DF2C612122F11 /* Pods-tMDb.release.xcconfig */ = {isa = PBXFileReference; includeInIndex = 1; lastKnownFileType = text.xcconfig; name = "Pods-tMDb.release.xcconfig"; path = "Pods/Target Support Files/Pods-tMDb/Pods-tMDb.release.xcconfig"; sourceTree = "<group>"; };
		D839D413919B82C45C132734 /* Pods-tMDbTests.release.xcconfig */ = {isa = PBXFileReference; includeInIndex = 1; lastKnownFileType = text.xcconfig; name = "Pods-tMDbTests.release.xcconfig"; path = "Pods/Target Support Files/Pods-tMDbTests/Pods-tMDbTests.release.xcconfig"; sourceTree = "<group>"; };
		D9DEFF0CD002405B0800F70F /* Pods-tMDb.debug.xcconfig */ = {isa = PBXFileReference; includeInIndex = 1; lastKnownFileType = text.xcconfig; name = "Pods-tMDb.debug.xcconfig"; path = "Pods/Target Support Files/Pods-tMDb/Pods-tMDb.debug.xcconfig"; sourceTree = "<group>"; };
		DC229DD7A771B348B286F5B0 /* Pods_tMDbTests.framework */ = {isa = PBXFileReference; explicitFileType = wrapper.framework; includeInIndex = 0; path = Pods_tMDbTests.framework; sourceTree = BUILT_PRODUCTS_DIR; };
/* End PBXFileReference section */

/* Begin PBXFrameworksBuildPhase section */
		A9C567D01E714BD70025739F /* Frameworks */ = {
			isa = PBXFrameworksBuildPhase;
			buildActionMask = 2147483647;
			files = (
				02E7A326F5C95FDC6DBDB5D1 /* Pods_tMDb.framework in Frameworks */,
			);
			runOnlyForDeploymentPostprocessing = 0;
		};
		A9C567E71E714BD80025739F /* Frameworks */ = {
			isa = PBXFrameworksBuildPhase;
			buildActionMask = 2147483647;
			files = (
				7A743CDE2B5DDCF14ACCD7B6 /* Pods_tMDbTests.framework in Frameworks */,
			);
			runOnlyForDeploymentPostprocessing = 0;
		};
		A9C567F21E714BD80025739F /* Frameworks */ = {
			isa = PBXFrameworksBuildPhase;
			buildActionMask = 2147483647;
			files = (
				1E9DC846B382A6275C6EF075 /* Pods_tMDbUITests.framework in Frameworks */,
			);
			runOnlyForDeploymentPostprocessing = 0;
		};
/* End PBXFrameworksBuildPhase section */

/* Begin PBXGroup section */
		51614A6B43D159C29EE72A5D /* Pods */ = {
			isa = PBXGroup;
			children = (
				D9DEFF0CD002405B0800F70F /* Pods-tMDb.debug.xcconfig */,
				CAC4D409076DF2C612122F11 /* Pods-tMDb.release.xcconfig */,
				C8520DBD5D3D896C6430E59F /* Pods-tMDbTests.debug.xcconfig */,
				D839D413919B82C45C132734 /* Pods-tMDbTests.release.xcconfig */,
				7BC5EFFE1B72380BA2179A11 /* Pods-tMDbUITests.debug.xcconfig */,
				1CA32411A60226DF5A6C9D73 /* Pods-tMDbUITests.release.xcconfig */,
			);
			name = Pods;
			sourceTree = "<group>";
		};
		A9C567CA1E714BD70025739F = {
			isa = PBXGroup;
			children = (
				A9C567D51E714BD70025739F /* tMDb */,
				A9C567ED1E714BD80025739F /* tMDbTests */,
				A9C567F81E714BD80025739F /* tMDbUITests */,
				A9C567D41E714BD70025739F /* Products */,
				51614A6B43D159C29EE72A5D /* Pods */,
				D629A2E99A1D8561897E55E7 /* Frameworks */,
			);
			sourceTree = "<group>";
		};
		A9C567D41E714BD70025739F /* Products */ = {
			isa = PBXGroup;
			children = (
				A9C567D31E714BD70025739F /* tMDb.app */,
				A9C567EA1E714BD80025739F /* tMDbTests.xctest */,
				A9C567F51E714BD80025739F /* tMDbUITests.xctest */,
			);
			name = Products;
			sourceTree = "<group>";
		};
		A9C567D51E714BD70025739F /* tMDb */ = {
			isa = PBXGroup;
			children = (
				A9C568091E714FC80025739F /* Controllers */,
				A9C5680A1E714FD60025739F /* Views */,
				A9C5680B1E714FE70025739F /* Models */,
				A9C567D61E714BD70025739F /* AppDelegate.swift */,
				A9C567DA1E714BD70025739F /* Main.storyboard */,
				A9C567E01E714BD70025739F /* Assets.xcassets */,
				A9C567E21E714BD70025739F /* LaunchScreen.storyboard */,
				A9C567E51E714BD70025739F /* Info.plist */,
				A9F082E11E7249F00024D931 /* DiscoverMovie.json */,
				A9F082E21E7249F00024D931 /* MovieDetail.json */,
			);
			path = tMDb;
			sourceTree = "<group>";
		};
		A9C567ED1E714BD80025739F /* tMDbTests */ = {
			isa = PBXGroup;
			children = (
				A9C567EE1E714BD80025739F /* tMDbTests.swift */,
				A9C567F01E714BD80025739F /* Info.plist */,
			);
			path = tMDbTests;
			sourceTree = "<group>";
		};
		A9C567F81E714BD80025739F /* tMDbUITests */ = {
			isa = PBXGroup;
			children = (
				A9C567F91E714BD80025739F /* tMDbUITests.swift */,
				A9C567FB1E714BD80025739F /* Info.plist */,
			);
			path = tMDbUITests;
			sourceTree = "<group>";
		};
		A9C568091E714FC80025739F /* Controllers */ = {
			isa = PBXGroup;
			children = (
				A9C568071E714FC20025739F /* DiscoverViewController.swift */,
				A9F082D51E7234320024D931 /* MovieDetailViewController.swift */,
			);
			name = Controllers;
			sourceTree = "<group>";
		};
		A9C5680A1E714FD60025739F /* Views */ = {
			isa = PBXGroup;
			children = (
				3A9144E31E7160F8005B1B6E /* MovieViewCell.swift */,
				3A9144E41E7160F8005B1B6E /* MovieViewCell.xib */,
			);
			name = Views;
			sourceTree = "<group>";
		};
		A9C5680B1E714FE70025739F /* Models */ = {
			isa = PBXGroup;
			children = (
				A9C5680C1E71511C0025739F /* tMDb.swift */,
				A9C568101E715BF00025739F /* DiscoverResponse.swift */,
				A9C5680E1E715BB40025739F /* Movie.swift */,
				A9F082D71E7238C80024D931 /* Genre.swift */,
				A9F082DB1E72393E0024D931 /* Company.swift */,
				A9F082D91E7239070024D931 /* Country.swift */,
				A9F082DD1E7239820024D931 /* Language.swift */,
			);
			name = Models;
			sourceTree = "<group>";
		};
		D629A2E99A1D8561897E55E7 /* Frameworks */ = {
			isa = PBXGroup;
			children = (
				2D90A3733198415681F54305 /* Pods_tMDb.framework */,
				DC229DD7A771B348B286F5B0 /* Pods_tMDbTests.framework */,
				19D077B372B4DBBD5951CAF5 /* Pods_tMDbUITests.framework */,
			);
			name = Frameworks;
			sourceTree = "<group>";
		};
/* End PBXGroup section */

/* Begin PBXNativeTarget section */
		A9C567D21E714BD70025739F /* tMDb */ = {
			isa = PBXNativeTarget;
			buildConfigurationList = A9C567FE1E714BD80025739F /* Build configuration list for PBXNativeTarget "tMDb" */;
			buildPhases = (
				E0865EACCDCD750C82C1AFAF /* [CP] Check Pods Manifest.lock */,
				A9C567CF1E714BD70025739F /* Sources */,
				A9C567D01E714BD70025739F /* Frameworks */,
				A9C567D11E714BD70025739F /* Resources */,
				54B5547572C92A608F081147 /* [CP] Embed Pods Frameworks */,
				D5A724D010AE066FAA2B23D9 /* [CP] Copy Pods Resources */,
			);
			buildRules = (
			);
			dependencies = (
			);
			name = tMDb;
			productName = tMDb;
			productReference = A9C567D31E714BD70025739F /* tMDb.app */;
			productType = "com.apple.product-type.application";
		};
		A9C567E91E714BD80025739F /* tMDbTests */ = {
			isa = PBXNativeTarget;
			buildConfigurationList = A9C568011E714BD80025739F /* Build configuration list for PBXNativeTarget "tMDbTests" */;
			buildPhases = (
				87E3AA6FA66B9B7547FBA472 /* [CP] Check Pods Manifest.lock */,
				A9C567E61E714BD80025739F /* Sources */,
				A9C567E71E714BD80025739F /* Frameworks */,
				A9C567E81E714BD80025739F /* Resources */,
				D6CA5B07D17138017DF3818C /* [CP] Embed Pods Frameworks */,
				D8BFCB6BEB971C16838D108E /* [CP] Copy Pods Resources */,
			);
			buildRules = (
			);
			dependencies = (
				A9C567EC1E714BD80025739F /* PBXTargetDependency */,
			);
			name = tMDbTests;
			productName = tMDbTests;
			productReference = A9C567EA1E714BD80025739F /* tMDbTests.xctest */;
			productType = "com.apple.product-type.bundle.unit-test";
		};
		A9C567F41E714BD80025739F /* tMDbUITests */ = {
			isa = PBXNativeTarget;
			buildConfigurationList = A9C568041E714BD80025739F /* Build configuration list for PBXNativeTarget "tMDbUITests" */;
			buildPhases = (
				D1E926ADA9CF122BD2CB8829 /* [CP] Check Pods Manifest.lock */,
				A9C567F11E714BD80025739F /* Sources */,
				A9C567F21E714BD80025739F /* Frameworks */,
				A9C567F31E714BD80025739F /* Resources */,
				56740A036F69D9D30C244994 /* [CP] Copy Pods Resources */,
				66188C4B0A7A0DBAD442A23D /* [CP] Embed Pods Frameworks */,
			);
			buildRules = (
			);
			dependencies = (
				A9C567F71E714BD80025739F /* PBXTargetDependency */,
			);
			name = tMDbUITests;
			productName = tMDbUITests;
			productReference = A9C567F51E714BD80025739F /* tMDbUITests.xctest */;
			productType = "com.apple.product-type.bundle.ui-testing";
		};
/* End PBXNativeTarget section */

/* Begin PBXProject section */
		A9C567CB1E714BD70025739F /* Project object */ = {
			isa = PBXProject;
			attributes = {
				LastSwiftUpdateCheck = 0820;
				LastUpgradeCheck = 0820;
				ORGANIZATIONNAME = DyCode;
				TargetAttributes = {
					A9C567D21E714BD70025739F = {
						CreatedOnToolsVersion = 8.2;
						DevelopmentTeam = JPZ6KYYR2L;
						ProvisioningStyle = Automatic;
					};
					A9C567E91E714BD80025739F = {
						CreatedOnToolsVersion = 8.2;
						DevelopmentTeam = JPZ6KYYR2L;
						ProvisioningStyle = Automatic;
						TestTargetID = A9C567D21E714BD70025739F;
					};
					A9C567F41E714BD80025739F = {
						CreatedOnToolsVersion = 8.2;
						DevelopmentTeam = JPZ6KYYR2L;
						ProvisioningStyle = Automatic;
						TestTargetID = A9C567D21E714BD70025739F;
					};
				};
			};
			buildConfigurationList = A9C567CE1E714BD70025739F /* Build configuration list for PBXProject "tMDb" */;
			compatibilityVersion = "Xcode 3.2";
			developmentRegion = English;
			hasScannedForEncodings = 0;
			knownRegions = (
				en,
				Base,
			);
			mainGroup = A9C567CA1E714BD70025739F;
			productRefGroup = A9C567D41E714BD70025739F /* Products */;
			projectDirPath = "";
			projectRoot = "";
			targets = (
				A9C567D21E714BD70025739F /* tMDb */,
				A9C567E91E714BD80025739F /* tMDbTests */,
				A9C567F41E714BD80025739F /* tMDbUITests */,
			);
		};
/* End PBXProject section */

/* Begin PBXResourcesBuildPhase section */
		A9C567D11E714BD70025739F /* Resources */ = {
			isa = PBXResourcesBuildPhase;
			buildActionMask = 2147483647;
			files = (
				A9C567E41E714BD70025739F /* LaunchScreen.storyboard in Resources */,
				3A9144E61E7160F8005B1B6E /* MovieViewCell.xib in Resources */,
				A9C567E11E714BD70025739F /* Assets.xcassets in Resources */,
				A9C567DC1E714BD70025739F /* Main.storyboard in Resources */,
				A9F082E31E7249F00024D931 /* DiscoverMovie.json in Resources */,
				A9F082E61E7249F00024D931 /* MovieDetail.json in Resources */,
			);
			runOnlyForDeploymentPostprocessing = 0;
		};
		A9C567E81E714BD80025739F /* Resources */ = {
			isa = PBXResourcesBuildPhase;
			buildActionMask = 2147483647;
			files = (
				A9F082E41E7249F00024D931 /* DiscoverMovie.json in Resources */,
				A9F082E71E7249F00024D931 /* MovieDetail.json in Resources */,
			);
			runOnlyForDeploymentPostprocessing = 0;
		};
		A9C567F31E714BD80025739F /* Resources */ = {
			isa = PBXResourcesBuildPhase;
			buildActionMask = 2147483647;
			files = (
				A9F082E51E7249F00024D931 /* DiscoverMovie.json in Resources */,
				A9F082E81E7249F00024D931 /* MovieDetail.json in Resources */,
			);
			runOnlyForDeploymentPostprocessing = 0;
		};
/* End PBXResourcesBuildPhase section */

/* Begin PBXShellScriptBuildPhase section */
		54B5547572C92A608F081147 /* [CP] Embed Pods Frameworks */ = {
			isa = PBXShellScriptBuildPhase;
			buildActionMask = 2147483647;
			files = (
			);
			inputPaths = (
			);
			name = "[CP] Embed Pods Frameworks";
			outputPaths = (
			);
			runOnlyForDeploymentPostprocessing = 0;
			shellPath = /bin/sh;
			shellScript = "\"${SRCROOT}/Pods/Target Support Files/Pods-tMDb/Pods-tMDb-frameworks.sh\"\n";
			showEnvVarsInLog = 0;
		};
		56740A036F69D9D30C244994 /* [CP] Copy Pods Resources */ = {
			isa = PBXShellScriptBuildPhase;
			buildActionMask = 2147483647;
			files = (
			);
			inputPaths = (
			);
			name = "[CP] Copy Pods Resources";
			outputPaths = (
			);
			runOnlyForDeploymentPostprocessing = 0;
			shellPath = /bin/sh;
			shellScript = "\"${SRCROOT}/Pods/Target Support Files/Pods-tMDbUITests/Pods-tMDbUITests-resources.sh\"\n";
			showEnvVarsInLog = 0;
		};
		66188C4B0A7A0DBAD442A23D /* [CP] Embed Pods Frameworks */ = {
			isa = PBXShellScriptBuildPhase;
			buildActionMask = 2147483647;
			files = (
			);
			inputPaths = (
			);
			name = "[CP] Embed Pods Frameworks";
			outputPaths = (
			);
			runOnlyForDeploymentPostprocessing = 0;
			shellPath = /bin/sh;
			shellScript = "\"${SRCROOT}/Pods/Target Support Files/Pods-tMDbUITests/Pods-tMDbUITests-frameworks.sh\"\n";
			showEnvVarsInLog = 0;
		};
		87E3AA6FA66B9B7547FBA472 /* [CP] Check Pods Manifest.lock */ = {
			isa = PBXShellScriptBuildPhase;
			buildActionMask = 2147483647;
			files = (
			);
			inputPaths = (
			);
			name = "[CP] Check Pods Manifest.lock";
			outputPaths = (
			);
			runOnlyForDeploymentPostprocessing = 0;
			shellPath = /bin/sh;
			shellScript = "diff \"${PODS_ROOT}/../Podfile.lock\" \"${PODS_ROOT}/Manifest.lock\" > /dev/null\nif [[ $? != 0 ]] ; then\n    cat << EOM\nerror: The sandbox is not in sync with the Podfile.lock. Run 'pod install' or update your CocoaPods installation.\nEOM\n    exit 1\nfi\n";
			showEnvVarsInLog = 0;
		};
		D1E926ADA9CF122BD2CB8829 /* [CP] Check Pods Manifest.lock */ = {
			isa = PBXShellScriptBuildPhase;
			buildActionMask = 2147483647;
			files = (
			);
			inputPaths = (
			);
			name = "[CP] Check Pods Manifest.lock";
			outputPaths = (
			);
			runOnlyForDeploymentPostprocessing = 0;
			shellPath = /bin/sh;
			shellScript = "diff \"${PODS_ROOT}/../Podfile.lock\" \"${PODS_ROOT}/Manifest.lock\" > /dev/null\nif [[ $? != 0 ]] ; then\n    cat << EOM\nerror: The sandbox is not in sync with the Podfile.lock. Run 'pod install' or update your CocoaPods installation.\nEOM\n    exit 1\nfi\n";
			showEnvVarsInLog = 0;
		};
		D5A724D010AE066FAA2B23D9 /* [CP] Copy Pods Resources */ = {
			isa = PBXShellScriptBuildPhase;
			buildActionMask = 2147483647;
			files = (
			);
			inputPaths = (
			);
			name = "[CP] Copy Pods Resources";
			outputPaths = (
			);
			runOnlyForDeploymentPostprocessing = 0;
			shellPath = /bin/sh;
			shellScript = "\"${SRCROOT}/Pods/Target Support Files/Pods-tMDb/Pods-tMDb-resources.sh\"\n";
			showEnvVarsInLog = 0;
		};
		D6CA5B07D17138017DF3818C /* [CP] Embed Pods Frameworks */ = {
			isa = PBXShellScriptBuildPhase;
			buildActionMask = 2147483647;
			files = (
			);
			inputPaths = (
			);
			name = "[CP] Embed Pods Frameworks";
			outputPaths = (
			);
			runOnlyForDeploymentPostprocessing = 0;
			shellPath = /bin/sh;
			shellScript = "\"${SRCROOT}/Pods/Target Support Files/Pods-tMDbTests/Pods-tMDbTests-frameworks.sh\"\n";
			showEnvVarsInLog = 0;
		};
		D8BFCB6BEB971C16838D108E /* [CP] Copy Pods Resources */ = {
			isa = PBXShellScriptBuildPhase;
			buildActionMask = 2147483647;
			files = (
			);
			inputPaths = (
			);
			name = "[CP] Copy Pods Resources";
			outputPaths = (
			);
			runOnlyForDeploymentPostprocessing = 0;
			shellPath = /bin/sh;
			shellScript = "\"${SRCROOT}/Pods/Target Support Files/Pods-tMDbTests/Pods-tMDbTests-resources.sh\"\n";
			showEnvVarsInLog = 0;
		};
		E0865EACCDCD750C82C1AFAF /* [CP] Check Pods Manifest.lock */ = {
			isa = PBXShellScriptBuildPhase;
			buildActionMask = 2147483647;
			files = (
			);
			inputPaths = (
			);
			name = "[CP] Check Pods Manifest.lock";
			outputPaths = (
			);
			runOnlyForDeploymentPostprocessing = 0;
			shellPath = /bin/sh;
			shellScript = "diff \"${PODS_ROOT}/../Podfile.lock\" \"${PODS_ROOT}/Manifest.lock\" > /dev/null\nif [[ $? != 0 ]] ; then\n    cat << EOM\nerror: The sandbox is not in sync with the Podfile.lock. Run 'pod install' or update your CocoaPods installation.\nEOM\n    exit 1\nfi\n";
			showEnvVarsInLog = 0;
		};
/* End PBXShellScriptBuildPhase section */

/* Begin PBXSourcesBuildPhase section */
		A9C567CF1E714BD70025739F /* Sources */ = {
			isa = PBXSourcesBuildPhase;
			buildActionMask = 2147483647;
			files = (
				A9C5680D1E71511C0025739F /* tMDb.swift in Sources */,
				A9F082DA1E7239070024D931 /* Country.swift in Sources */,
				A9C568111E715BF00025739F /* DiscoverResponse.swift in Sources */,
				A9F082DC1E72393E0024D931 /* Company.swift in Sources */,
				A9C568081E714FC20025739F /* DiscoverViewController.swift in Sources */,
				A9C5680F1E715BB40025739F /* Movie.swift in Sources */,
				A9F082D61E7234320024D931 /* MovieDetailViewController.swift in Sources */,
				A9C567D71E714BD70025739F /* AppDelegate.swift in Sources */,
				3A9144E51E7160F8005B1B6E /* MovieViewCell.swift in Sources */,
				A9F082D81E7238C80024D931 /* Genre.swift in Sources */,
				A9F082DE1E7239820024D931 /* Language.swift in Sources */,
			);
			runOnlyForDeploymentPostprocessing = 0;
		};
		A9C567E61E714BD80025739F /* Sources */ = {
			isa = PBXSourcesBuildPhase;
			buildActionMask = 2147483647;
			files = (
				A9C567EF1E714BD80025739F /* tMDbTests.swift in Sources */,
			);
			runOnlyForDeploymentPostprocessing = 0;
		};
		A9C567F11E714BD80025739F /* Sources */ = {
			isa = PBXSourcesBuildPhase;
			buildActionMask = 2147483647;
			files = (
				A9C567FA1E714BD80025739F /* tMDbUITests.swift in Sources */,
			);
			runOnlyForDeploymentPostprocessing = 0;
		};
/* End PBXSourcesBuildPhase section */

/* Begin PBXTargetDependency section */
		A9C567EC1E714BD80025739F /* PBXTargetDependency */ = {
			isa = PBXTargetDependency;
			target = A9C567D21E714BD70025739F /* tMDb */;
			targetProxy = A9C567EB1E714BD80025739F /* PBXContainerItemProxy */;
		};
		A9C567F71E714BD80025739F /* PBXTargetDependency */ = {
			isa = PBXTargetDependency;
			target = A9C567D21E714BD70025739F /* tMDb */;
			targetProxy = A9C567F61E714BD80025739F /* PBXContainerItemProxy */;
		};
/* End PBXTargetDependency section */

/* Begin PBXVariantGroup section */
		A9C567DA1E714BD70025739F /* Main.storyboard */ = {
			isa = PBXVariantGroup;
			children = (
				A9C567DB1E714BD70025739F /* Base */,
			);
			name = Main.storyboard;
			sourceTree = "<group>";
		};
		A9C567E21E714BD70025739F /* LaunchScreen.storyboard */ = {
			isa = PBXVariantGroup;
			children = (
				A9C567E31E714BD70025739F /* Base */,
			);
			name = LaunchScreen.storyboard;
			sourceTree = "<group>";
		};
/* End PBXVariantGroup section */

/* Begin XCBuildConfiguration section */
		A9C567FC1E714BD80025739F /* Debug */ = {
			isa = XCBuildConfiguration;
			buildSettings = {
				ALWAYS_SEARCH_USER_PATHS = NO;
				CLANG_ANALYZER_NONNULL = YES;
				CLANG_CXX_LANGUAGE_STANDARD = "gnu++0x";
				CLANG_CXX_LIBRARY = "libc++";
				CLANG_ENABLE_MODULES = YES;
				CLANG_ENABLE_OBJC_ARC = YES;
				CLANG_WARN_BOOL_CONVERSION = YES;
				CLANG_WARN_CONSTANT_CONVERSION = YES;
				CLANG_WARN_DIRECT_OBJC_ISA_USAGE = YES_ERROR;
				CLANG_WARN_DOCUMENTATION_COMMENTS = YES;
				CLANG_WARN_EMPTY_BODY = YES;
				CLANG_WARN_ENUM_CONVERSION = YES;
				CLANG_WARN_INFINITE_RECURSION = YES;
				CLANG_WARN_INT_CONVERSION = YES;
				CLANG_WARN_OBJC_ROOT_CLASS = YES_ERROR;
				CLANG_WARN_SUSPICIOUS_MOVE = YES;
				CLANG_WARN_UNREACHABLE_CODE = YES;
				CLANG_WARN__DUPLICATE_METHOD_MATCH = YES;
				"CODE_SIGN_IDENTITY[sdk=iphoneos*]" = "iPhone Developer";
				COPY_PHASE_STRIP = NO;
				DEBUG_INFORMATION_FORMAT = dwarf;
				ENABLE_STRICT_OBJC_MSGSEND = YES;
				ENABLE_TESTABILITY = YES;
				GCC_C_LANGUAGE_STANDARD = gnu99;
				GCC_DYNAMIC_NO_PIC = NO;
				GCC_NO_COMMON_BLOCKS = YES;
				GCC_OPTIMIZATION_LEVEL = 0;
				GCC_PREPROCESSOR_DEFINITIONS = (
					"DEBUG=1",
					"$(inherited)",
				);
				GCC_WARN_64_TO_32_BIT_CONVERSION = YES;
				GCC_WARN_ABOUT_RETURN_TYPE = YES_ERROR;
				GCC_WARN_UNDECLARED_SELECTOR = YES;
				GCC_WARN_UNINITIALIZED_AUTOS = YES_AGGRESSIVE;
				GCC_WARN_UNUSED_FUNCTION = YES;
				GCC_WARN_UNUSED_VARIABLE = YES;
				IPHONEOS_DEPLOYMENT_TARGET = 10.2;
				MTL_ENABLE_DEBUG_INFO = YES;
				ONLY_ACTIVE_ARCH = YES;
				SDKROOT = iphoneos;
				SWIFT_ACTIVE_COMPILATION_CONDITIONS = DEBUG;
				SWIFT_OPTIMIZATION_LEVEL = "-Onone";
			};
			name = Debug;
		};
		A9C567FD1E714BD80025739F /* Release */ = {
			isa = XCBuildConfiguration;
			buildSettings = {
				ALWAYS_SEARCH_USER_PATHS = NO;
				CLANG_ANALYZER_NONNULL = YES;
				CLANG_CXX_LANGUAGE_STANDARD = "gnu++0x";
				CLANG_CXX_LIBRARY = "libc++";
				CLANG_ENABLE_MODULES = YES;
				CLANG_ENABLE_OBJC_ARC = YES;
				CLANG_WARN_BOOL_CONVERSION = YES;
				CLANG_WARN_CONSTANT_CONVERSION = YES;
				CLANG_WARN_DIRECT_OBJC_ISA_USAGE = YES_ERROR;
				CLANG_WARN_DOCUMENTATION_COMMENTS = YES;
				CLANG_WARN_EMPTY_BODY = YES;
				CLANG_WARN_ENUM_CONVERSION = YES;
				CLANG_WARN_INFINITE_RECURSION = YES;
				CLANG_WARN_INT_CONVERSION = YES;
				CLANG_WARN_OBJC_ROOT_CLASS = YES_ERROR;
				CLANG_WARN_SUSPICIOUS_MOVE = YES;
				CLANG_WARN_UNREACHABLE_CODE = YES;
				CLANG_WARN__DUPLICATE_METHOD_MATCH = YES;
				"CODE_SIGN_IDENTITY[sdk=iphoneos*]" = "iPhone Developer";
				COPY_PHASE_STRIP = NO;
				DEBUG_INFORMATION_FORMAT = "dwarf-with-dsym";
				ENABLE_NS_ASSERTIONS = NO;
				ENABLE_STRICT_OBJC_MSGSEND = YES;
				GCC_C_LANGUAGE_STANDARD = gnu99;
				GCC_NO_COMMON_BLOCKS = YES;
				GCC_WARN_64_TO_32_BIT_CONVERSION = YES;
				GCC_WARN_ABOUT_RETURN_TYPE = YES_ERROR;
				GCC_WARN_UNDECLARED_SELECTOR = YES;
				GCC_WARN_UNINITIALIZED_AUTOS = YES_AGGRESSIVE;
				GCC_WARN_UNUSED_FUNCTION = YES;
				GCC_WARN_UNUSED_VARIABLE = YES;
				IPHONEOS_DEPLOYMENT_TARGET = 10.2;
				MTL_ENABLE_DEBUG_INFO = NO;
				SDKROOT = iphoneos;
				SWIFT_OPTIMIZATION_LEVEL = "-Owholemodule";
				VALIDATE_PRODUCT = YES;
			};
			name = Release;
		};
		A9C567FF1E714BD80025739F /* Debug */ = {
			isa = XCBuildConfiguration;
			baseConfigurationReference = D9DEFF0CD002405B0800F70F /* Pods-tMDb.debug.xcconfig */;
			buildSettings = {
				ASSETCATALOG_COMPILER_APPICON_NAME = AppIcon;
				DEVELOPMENT_TEAM = JPZ6KYYR2L;
				INFOPLIST_FILE = tMDb/Info.plist;
				IPHONEOS_DEPLOYMENT_TARGET = 9.0;
				LD_RUNPATH_SEARCH_PATHS = "$(inherited) @executable_path/Frameworks";
				PRODUCT_BUNDLE_IDENTIFIER = com.dycode.tMDb;
				PRODUCT_NAME = "$(TARGET_NAME)";
				SWIFT_VERSION = 3.0;
			};
			name = Debug;
		};
		A9C568001E714BD80025739F /* Release */ = {
			isa = XCBuildConfiguration;
			baseConfigurationReference = CAC4D409076DF2C612122F11 /* Pods-tMDb.release.xcconfig */;
			buildSettings = {
				ASSETCATALOG_COMPILER_APPICON_NAME = AppIcon;
				DEVELOPMENT_TEAM = JPZ6KYYR2L;
				INFOPLIST_FILE = tMDb/Info.plist;
				IPHONEOS_DEPLOYMENT_TARGET = 9.0;
				LD_RUNPATH_SEARCH_PATHS = "$(inherited) @executable_path/Frameworks";
				PRODUCT_BUNDLE_IDENTIFIER = com.dycode.tMDb;
				PRODUCT_NAME = "$(TARGET_NAME)";
				SWIFT_VERSION = 3.0;
			};
			name = Release;
		};
		A9C568021E714BD80025739F /* Debug */ = {
			isa = XCBuildConfiguration;
			baseConfigurationReference = C8520DBD5D3D896C6430E59F /* Pods-tMDbTests.debug.xcconfig */;
			buildSettings = {
				ALWAYS_EMBED_SWIFT_STANDARD_LIBRARIES = YES;
				BUNDLE_LOADER = "$(TEST_HOST)";
				DEVELOPMENT_TEAM = JPZ6KYYR2L;
				INFOPLIST_FILE = tMDbTests/Info.plist;
				LD_RUNPATH_SEARCH_PATHS = "$(inherited) @executable_path/Frameworks @loader_path/Frameworks";
				PRODUCT_BUNDLE_IDENTIFIER = com.dycode.tMDbTests;
				PRODUCT_NAME = "$(TARGET_NAME)";
				SWIFT_VERSION = 3.0;
				TEST_HOST = "$(BUILT_PRODUCTS_DIR)/tMDb.app/tMDb";
			};
			name = Debug;
		};
		A9C568031E714BD80025739F /* Release */ = {
			isa = XCBuildConfiguration;
			baseConfigurationReference = D839D413919B82C45C132734 /* Pods-tMDbTests.release.xcconfig */;
			buildSettings = {
				ALWAYS_EMBED_SWIFT_STANDARD_LIBRARIES = YES;
				BUNDLE_LOADER = "$(TEST_HOST)";
				DEVELOPMENT_TEAM = JPZ6KYYR2L;
				INFOPLIST_FILE = tMDbTests/Info.plist;
				LD_RUNPATH_SEARCH_PATHS = "$(inherited) @executable_path/Frameworks @loader_path/Frameworks";
				PRODUCT_BUNDLE_IDENTIFIER = com.dycode.tMDbTests;
				PRODUCT_NAME = "$(TARGET_NAME)";
				SWIFT_VERSION = 3.0;
				TEST_HOST = "$(BUILT_PRODUCTS_DIR)/tMDb.app/tMDb";
			};
			name = Release;
		};
		A9C568051E714BD80025739F /* Debug */ = {
			isa = XCBuildConfiguration;
			baseConfigurationReference = 7BC5EFFE1B72380BA2179A11 /* Pods-tMDbUITests.debug.xcconfig */;
			buildSettings = {
				ALWAYS_EMBED_SWIFT_STANDARD_LIBRARIES = YES;
				DEVELOPMENT_TEAM = JPZ6KYYR2L;
				INFOPLIST_FILE = tMDbUITests/Info.plist;
				LD_RUNPATH_SEARCH_PATHS = "$(inherited) @executable_path/Frameworks @loader_path/Frameworks";
				PRODUCT_BUNDLE_IDENTIFIER = com.dycode.tMDbUITests;
				PRODUCT_NAME = "$(TARGET_NAME)";
				SWIFT_VERSION = 3.0;
				TEST_TARGET_NAME = tMDb;
			};
			name = Debug;
		};
		A9C568061E714BD80025739F /* Release */ = {
			isa = XCBuildConfiguration;
			baseConfigurationReference = 1CA32411A60226DF5A6C9D73 /* Pods-tMDbUITests.release.xcconfig */;
			buildSettings = {
				ALWAYS_EMBED_SWIFT_STANDARD_LIBRARIES = YES;
				DEVELOPMENT_TEAM = JPZ6KYYR2L;
				INFOPLIST_FILE = tMDbUITests/Info.plist;
				LD_RUNPATH_SEARCH_PATHS = "$(inherited) @executable_path/Frameworks @loader_path/Frameworks";
				PRODUCT_BUNDLE_IDENTIFIER = com.dycode.tMDbUITests;
				PRODUCT_NAME = "$(TARGET_NAME)";
				SWIFT_VERSION = 3.0;
				TEST_TARGET_NAME = tMDb;
			};
			name = Release;
		};
/* End XCBuildConfiguration section */

/* Begin XCConfigurationList section */
		A9C567CE1E714BD70025739F /* Build configuration list for PBXProject "tMDb" */ = {
			isa = XCConfigurationList;
			buildConfigurations = (
				A9C567FC1E714BD80025739F /* Debug */,
				A9C567FD1E714BD80025739F /* Release */,
			);
			defaultConfigurationIsVisible = 0;
			defaultConfigurationName = Release;
		};
		A9C567FE1E714BD80025739F /* Build configuration list for PBXNativeTarget "tMDb" */ = {
			isa = XCConfigurationList;
			buildConfigurations = (
				A9C567FF1E714BD80025739F /* Debug */,
				A9C568001E714BD80025739F /* Release */,
			);
			defaultConfigurationIsVisible = 0;
			defaultConfigurationName = Release;
		};
		A9C568011E714BD80025739F /* Build configuration list for PBXNativeTarget "tMDbTests" */ = {
			isa = XCConfigurationList;
			buildConfigurations = (
				A9C568021E714BD80025739F /* Debug */,
				A9C568031E714BD80025739F /* Release */,
			);
			defaultConfigurationIsVisible = 0;
			defaultConfigurationName = Release;
		};
		A9C568041E714BD80025739F /* Build configuration list for PBXNativeTarget "tMDbUITests" */ = {
			isa = XCConfigurationList;
			buildConfigurations = (
				A9C568051E714BD80025739F /* Debug */,
				A9C568061E714BD80025739F /* Release */,
			);
			defaultConfigurationIsVisible = 0;
			defaultConfigurationName = Release;
		};
/* End XCConfigurationList section */
	};
	rootObject = A9C567CB1E714BD70025739F /* Project object */;
}
